PODS:
  - Alamofire (4.5.1)
  - AlamofireNetworkActivityIndicator (2.2.0):
    - Alamofire (~> 4.5)
  - Charts (3.0.4):
    - Charts/Core (= 3.0.4)
  - Charts/Core (3.0.4)
  - CountryPickerSwift (1.4.5)
  - FrostedSidebar (1.0.0)
  - GCDWebServer (3.4.1):
    - GCDWebServer/Core (= 3.4.1)
  - GCDWebServer/Core (3.4.1)
  - IQKeyboardManagerSwift (5.0.3)
  - SSZipArchive (2.0.8)
  - SwiftIconFont (2.7.1)
  - SwiftyMarkdown (0.5.0)
  - UITableView+FDTemplateLayoutCell (1.6)
  - UMengAnalytics-NO-IDFA (4.2.5)

DEPENDENCIES:
  - Alamofire
  - AlamofireNetworkActivityIndicator
  - Charts
  - CountryPickerSwift
  - FrostedSidebar
  - GCDWebServer
  - IQKeyboardManagerSwift
  - SSZipArchive
  - SwiftIconFont
  - SwiftyMarkdown
  - UITableView+FDTemplateLayoutCell
  - UMengAnalytics-NO-IDFA

SPEC CHECKSUMS:
  Alamofire: 2d95912bf4c34f164fdfc335872e8c312acaea4a
  AlamofireNetworkActivityIndicator: 81e1630e7cfed22a4e4e82a174c59e651dc4f8ca
  Charts: 0705898046257443f0afbbc3179f4b67507b6e48
  CountryPickerSwift: be2cf0dc41887d8b16ea65ae263a70adb0cc953a
  FrostedSidebar: f86c6843cabd5d456f9234afb6eea22a7512532f
  GCDWebServer: 1db60034fe0e78a4a8524bd6c7cd97cd3c589870
  IQKeyboardManagerSwift: e257e513744cf32123eca7061272acea0246fc83
  SSZipArchive: e6ab66e1936fac7e3b5073e9f5eb364d91dfbfc7
  SwiftIconFont: 33d13d656c2dd7ed8464169a815b5b81d7250878
  SwiftyMarkdown: 6dfc24a82dcb4410d89d8fe3159182395ee0c988
  UITableView+FDTemplateLayoutCell: 5c949b4a5059c404b442926c0e80f81d10a2d66f
  UMengAnalytics-NO-IDFA: 16666e32edce5be44ae5b14aaaa7f3582e09d6ab

PODFILE CHECKSUM: 473ad8e208593b12c9bbe0b589a8e5c74de08a7c

COCOAPODS: 1.4.0.beta.1
