PODS:
  - Alamofire (4.7.3)
  - AlamofireNetworkActivityIndicator (2.2.1):
    - Alamofire (~> 4.7)
  - AliyunOSSiOS (2.10.5)
  - Base32 (1.1.2)
  - Cache (5.1.0)
  - DeviceKit (1.7.0)
  - EFQRCode (4.2.2)
  - Eureka (4.2.0)
  - FCUUID (1.3.1):
    - UICKeyChainStore (~> 2.1.0)
  - FileKit (5.0.0)
  - IQKeyboardManagerSwift (6.1.1)
  - libwebp (0.6.1):
    - libwebp/core (= 0.6.1)
    - libwebp/dec (= 0.6.1)
    - libwebp/demux (= 0.6.1)
    - libwebp/dsp (= 0.6.1)
    - libwebp/enc (= 0.6.1)
    - libwebp/mux (= 0.6.1)
    - libwebp/utils (= 0.6.1)
    - libwebp/webp (= 0.6.1)
  - libwebp/core (0.6.1):
    - libwebp/webp
  - libwebp/dec (0.6.1):
    - libwebp/core
  - libwebp/demux (0.6.1):
    - libwebp/core
  - libwebp/dsp (0.6.1):
    - libwebp/core
  - libwebp/enc (0.6.1):
    - libwebp/core
  - libwebp/mux (0.6.1):
    - libwebp/core
  - libwebp/utils (0.6.1):
    - libwebp/core
  - libwebp/webp (0.6.1)
  - MarkdownView (1.3.0)
  - Moya (11.0.2):
    - Moya/Core (= 11.0.2)
  - Moya/Core (11.0.2):
    - Alamofire (~> 4.1)
    - Result (~> 3.0)
  - ObjectMapper (3.3.0)
  - OneTimePassword (3.1.3):
    - Base32 (~> 1.1.2)
  - p2.OAuth2 (4.0.1)
  - Result (3.2.4)
  - SCLAlertView (0.8)
  - SDWebImage (4.4.2):
    - SDWebImage/Core (= 4.4.2)
  - SDWebImage/Core (4.4.2)
  - SDWebImage/WebP (4.4.2):
    - libwebp (~> 0.5)
    - SDWebImage/Core
  - Sentry (4.1.0):
    - Sentry/Core (= 4.1.0)
  - Sentry/Core (4.1.0)
  - SVProgressHUD (2.2.5)
  - SwiftIconFont (2.8.0)
  - SwiftMessages (4.1.4):
    - SwiftMessages/App (= 4.1.4)
  - SwiftMessages/App (4.1.4)
  - SwiftyJSON (4.1.0)
  - SwiftyUserDefaults (3.0.1)
  - Timepiece (1.3.1)
  - Toucan (1.0.0)
  - UICKeyChainStore (2.1.1)
  - UMengAnalytics-NO-IDFA (4.2.5)

DEPENDENCIES:
  - Alamofire
  - AlamofireNetworkActivityIndicator
  - AliyunOSSiOS
  - Cache
  - DeviceKit
  - EFQRCode
  - Eureka
  - FCUUID
  - FileKit
  - IQKeyboardManagerSwift
  - MarkdownView
  - Moya
  - ObjectMapper
  - OneTimePassword
  - p2.OAuth2
  - SCLAlertView
  - SDWebImage
  - SDWebImage/WebP
  - Sentry
  - SVProgressHUD
  - SwiftIconFont
  - SwiftMessages
  - SwiftyJSON
  - SwiftyUserDefaults
  - Timepiece
  - Toucan
  - UMengAnalytics-NO-IDFA

SPEC REPOS:
  https://mirrors.tuna.tsinghua.edu.cn/git/cocoapods/specs.git:
    - Alamofire
    - AlamofireNetworkActivityIndicator
    - AliyunOSSiOS
    - Base32
    - Cache
    - DeviceKit
    - EFQRCode
    - Eureka
    - FCUUID
    - FileKit
    - IQKeyboardManagerSwift
    - libwebp
    - MarkdownView
    - Moya
    - ObjectMapper
    - OneTimePassword
    - p2.OAuth2
    - Result
    - SCLAlertView
    - SDWebImage
    - Sentry
    - SVProgressHUD
    - SwiftIconFont
    - SwiftMessages
    - SwiftyJSON
    - SwiftyUserDefaults
    - Timepiece
    - Toucan
    - UICKeyChainStore
    - UMengAnalytics-NO-IDFA

SPEC CHECKSUMS:
  Alamofire: c7287b6e5d7da964a70935e5db17046b7fde6568
  AlamofireNetworkActivityIndicator: aeac50e6ecb78ec71a5f1f29098bcf4ec2962910
  AliyunOSSiOS: 53df437f24309bdfbe2df21b4f6be4f75474f00a
  Base32: 163c298644d184e89ca4e00a996bad6bf5166390
  Cache: 7737c595aae7d94c7c0feca2c887288624e3b07e
  DeviceKit: 6a5bdeb103c03757bb94aef1ccb01e08bc8ef4ee
  EFQRCode: 203846c7b135b5f7c1d18bb7923bc32a74c8b363
  Eureka: 0748c7bbb2560130e43c7bfa83e99c98854a1f42
  FCUUID: bb054fc90cd7cd99320f9f6ff8e130fe607fba05
  FileKit: 857f5f9d2583044c1354e7564b110d80f31405e8
  IQKeyboardManagerSwift: 977affaeb4d6e971975c7790a6850f31d38f1207
  libwebp: 0f01098c6c17175391af621b2f14150f3ca16e16
  MarkdownView: 6cee6c558eed4a012005405066071ef16a042d17
  Moya: a725035953bc1c0eb1be505ab903984501d82440
  ObjectMapper: b612bf8c8e99c4dc0bb6013a51f7c27966ed5da9
  OneTimePassword: 155d3c0cffbf22b39fb0def99d9e0facf6a37a7c
  p2.OAuth2: fdc2effef37793a8f775dd4760bc4c1ea906c956
  Result: d2d07204ce72856f1fd9130bbe42c35a7b0fea10
  SCLAlertView: 6a77bb2edfc65e04dbe57725546cb4107a506b85
  SDWebImage: 624d6e296c69b244bcede364c72ae0430ac14681
  Sentry: 44b85e768f435ede4d12ea279af588ff275c3939
  SVProgressHUD: 1428aafac632c1f86f62aa4243ec12008d7a51d6
  SwiftIconFont: ddaccaa3bb90fc21ebc528cfdf793342618a5cc2
  SwiftMessages: 2c33fdee8b8f38dfc7e1036684456b505891da8c
  SwiftyJSON: c29297daf073d2aa016295d5809cdd68045c39b3
  SwiftyUserDefaults: 3d273b1739b68ada3145dc754a70ec775bc5c8be
  Timepiece: c0760ec0e545697d86b80424dcd2b4d5ef66cf51
  Toucan: 61867fb10948c02e9804280a95eb183e98eac97a
  UICKeyChainStore: 239558492fa260531a0774cfc611ea83a6eaff3a
  UMengAnalytics-NO-IDFA: 16666e32edce5be44ae5b14aaaa7f3582e09d6ab

PODFILE CHECKSUM: 50658eab416d293ce4a7c7607162b1f005266279

COCOAPODS: 1.5.2
