// !$*UTF8*$!
{
	archiveVersion = 1;
	classes = {
	};
	objectVersion = 46;
	objects = {

/* Begin PBXBuildFile section */
		650806BD214A604C00AD0CAE /* ff4798bd-7715-4a1d-871c-50ed3af4376b.png in Resources */ = {isa = PBXBuildFile; fileRef = 650806BC214A604C00AD0CAE /* ff4798bd-7715-4a1d-871c-50ed3af4376b.png */; };
		650806BF214BECF200AD0CAE /* AlbumProvider.swift in Sources */ = {isa = PBXBuildFile; fileRef = 650806BE214BECF200AD0CAE /* AlbumProvider.swift */; };
		650C386A204997EE00A5B192 /* Notice.swift in Sources */ = {isa = PBXBuildFile; fileRef = 650C3869204997ED00A5B192 /* Notice.swift */; };
		65108DBE20101DFA00A5267E /* Main_v2.storyboard in Resources */ = {isa = PBXBuildFile; fileRef = 65108DBD20101DFA00A5267E /* Main_v2.storyboard */; };
		65108DC220101EC800A5267E /* LoginViewController.swift in Sources */ = {isa = PBXBuildFile; fileRef = 65108DC120101EC800A5267E /* LoginViewController.swift */; };
		65108DC5201022C800A5267E /* MainOAuth2.swift in Sources */ = {isa = PBXBuildFile; fileRef = 65108DC4201022C800A5267E /* MainOAuth2.swift */; };
		65108DC82010249A00A5267E /* AbstractViewController.swift in Sources */ = {isa = PBXBuildFile; fileRef = 65108DC72010249A00A5267E /* AbstractViewController.swift */; };
		651548382032B19A0088BD20 /* StoreKit.framework in Frameworks */ = {isa = PBXBuildFile; fileRef = 651548372032B19A0088BD20 /* StoreKit.framework */; };
		6515483A2032B19C0088BD20 /* PassKit.framework in Frameworks */ = {isa = PBXBuildFile; fileRef = 651548392032B19C0088BD20 /* PassKit.framework */; };
		6515483C2032B19D0088BD20 /* NetworkExtension.framework in Frameworks */ = {isa = PBXBuildFile; fileRef = 6515483B2032B19D0088BD20 /* NetworkExtension.framework */; };
		65185B3420143813009FDF76 /* AbstractReponse.swift in Sources */ = {isa = PBXBuildFile; fileRef = 65185B3320143813009FDF76 /* AbstractReponse.swift */; };
		65185B362014399B009FDF76 /* GalleryRequest.swift in Sources */ = {isa = PBXBuildFile; fileRef = 65185B352014399B009FDF76 /* GalleryRequest.swift */; };
		65185B3920143F69009FDF76 /* AbstractProvider.swift in Sources */ = {isa = PBXBuildFile; fileRef = 65185B3820143F69009FDF76 /* AbstractProvider.swift */; };
		65185B3C20144863009FDF76 /* GalleryListController.swift in Sources */ = {isa = PBXBuildFile; fileRef = 65185B3B20144863009FDF76 /* GalleryListController.swift */; };
		651ED7942076415A009A9ED1 /* Images.xcassets in Resources */ = {isa = PBXBuildFile; fileRef = 651ED7932076415A009A9ED1 /* Images.xcassets */; };
		651ED796207641E8009A9ED1 /* ItunesArtwork@2x.png in Resources */ = {isa = PBXBuildFile; fileRef = 651ED795207641E8009A9ED1 /* ItunesArtwork@2x.png */; };
		651ED7A02076A09F009A9ED1 /* TabBarController.swift in Sources */ = {isa = PBXBuildFile; fileRef = 651ED79F2076A09F009A9ED1 /* TabBarController.swift */; };
		651ED7A22076AE53009A9ED1 /* WKWebViewController.swift in Sources */ = {isa = PBXBuildFile; fileRef = 651ED7A12076AE53009A9ED1 /* WKWebViewController.swift */; };
		651FCF74203E7E420089173E /* File.swift in Sources */ = {isa = PBXBuildFile; fileRef = 651FCF73203E7E420089173E /* File.swift */; };
		651FCF76203E7F660089173E /* ResourceRequest.swift in Sources */ = {isa = PBXBuildFile; fileRef = 651FCF75203E7F660089173E /* ResourceRequest.swift */; };
		6532E7BE2037588100A23706 /* MapKit.framework in Frameworks */ = {isa = PBXBuildFile; fileRef = 6532E7BD2037588100A23706 /* MapKit.framework */; };
		6542EF7E211EA76000F9D126 /* Blackboard.swift in Sources */ = {isa = PBXBuildFile; fileRef = 6542EF7D211EA76000F9D126 /* Blackboard.swift */; };
		6542EF84211EA8D200F9D126 /* Course.swift in Sources */ = {isa = PBXBuildFile; fileRef = 6542EF83211EA8D200F9D126 /* Course.swift */; };
		6542EF86211EA95900F9D126 /* Paper.swift in Sources */ = {isa = PBXBuildFile; fileRef = 6542EF85211EA95900F9D126 /* Paper.swift */; };
		6542EF88211FF08500F9D126 /* Problem.swift in Sources */ = {isa = PBXBuildFile; fileRef = 6542EF87211FF08500F9D126 /* Problem.swift */; };
		6542EF8A211FF3AC00F9D126 /* Record.swift in Sources */ = {isa = PBXBuildFile; fileRef = 6542EF89211FF3AC00F9D126 /* Record.swift */; };
		6542EF8D211FF4D500F9D126 /* Vote.swift in Sources */ = {isa = PBXBuildFile; fileRef = 6542EF8C211FF4D500F9D126 /* Vote.swift */; };
		6542EF8F211FF58500F9D126 /* Option.swift in Sources */ = {isa = PBXBuildFile; fileRef = 6542EF8E211FF58500F9D126 /* Option.swift */; };
		6542EF912121515E00F9D126 /* Chat.swift in Sources */ = {isa = PBXBuildFile; fileRef = 6542EF902121515E00F9D126 /* Chat.swift */; };
		6542EF942121520C00F9D126 /* StsToken.swift in Sources */ = {isa = PBXBuildFile; fileRef = 6542EF932121520C00F9D126 /* StsToken.swift */; };
		6542EF972121540700F9D126 /* Game.swift in Sources */ = {isa = PBXBuildFile; fileRef = 6542EF962121540700F9D126 /* Game.swift */; };
		6542EF99212155D700F9D126 /* Rank.swift in Sources */ = {isa = PBXBuildFile; fileRef = 6542EF98212155D700F9D126 /* Rank.swift */; };
		6542EF9B21229E4200F9D126 /* PaperRequest.swift in Sources */ = {isa = PBXBuildFile; fileRef = 6542EF9A21229E4200F9D126 /* PaperRequest.swift */; };
		6542EF9D2122A00E00F9D126 /* ProblemRequest.swift in Sources */ = {isa = PBXBuildFile; fileRef = 6542EF9C2122A00E00F9D126 /* ProblemRequest.swift */; };
		6542EFA02123D8E900F9D126 /* RecordRequest.swift in Sources */ = {isa = PBXBuildFile; fileRef = 6542EF9F2123D8E900F9D126 /* RecordRequest.swift */; };
		6542EFA22123DC0900F9D126 /* CourseRequest.swift in Sources */ = {isa = PBXBuildFile; fileRef = 6542EFA12123DC0900F9D126 /* CourseRequest.swift */; };
		6542EFA52123DD5E00F9D126 /* BlackboardRequest.swift in Sources */ = {isa = PBXBuildFile; fileRef = 6542EFA42123DD5E00F9D126 /* BlackboardRequest.swift */; };
		6542EFA72123DE6400F9D126 /* NoticeRequest.swift in Sources */ = {isa = PBXBuildFile; fileRef = 6542EFA62123DE6400F9D126 /* NoticeRequest.swift */; };
		6542EFA921267DA600F9D126 /* LivePlayerController.swift in Sources */ = {isa = PBXBuildFile; fileRef = 6542EFA821267DA600F9D126 /* LivePlayerController.swift */; };
		6542EFAC21267F4A00F9D126 /* VoteRequest.swift in Sources */ = {isa = PBXBuildFile; fileRef = 6542EFAB21267F4A00F9D126 /* VoteRequest.swift */; };
		65517955214417E900556772 /* CardProvider.swift in Sources */ = {isa = PBXBuildFile; fileRef = 65517954214417E900556772 /* CardProvider.swift */; };
		655179572144182600556772 /* Card.swift in Sources */ = {isa = PBXBuildFile; fileRef = 655179562144182600556772 /* Card.swift */; };
		6551795921441D9000556772 /* UserProvider.swift in Sources */ = {isa = PBXBuildFile; fileRef = 6551795821441D9000556772 /* UserProvider.swift */; };
		6551E4902013A66300B81E45 /* Info.plist in Resources */ = {isa = PBXBuildFile; fileRef = 6551E48F2013A66200B81E45 /* Info.plist */; };
		6551E4932013A73000B81E45 /* User.swift in Sources */ = {isa = PBXBuildFile; fileRef = 6551E4922013A73000B81E45 /* User.swift */; };
		6551E4952013A9B800B81E45 /* Photo.swift in Sources */ = {isa = PBXBuildFile; fileRef = 6551E4942013A9B800B81E45 /* Photo.swift */; };
		6551E4972013AB8700B81E45 /* MainConstant.swift in Sources */ = {isa = PBXBuildFile; fileRef = 6551E4962013AB8700B81E45 /* MainConstant.swift */; };
		6551E4992013AE2F00B81E45 /* Gallery.swift in Sources */ = {isa = PBXBuildFile; fileRef = 6551E4982013AE2F00B81E45 /* Gallery.swift */; };
		6551E49B2013AE4100B81E45 /* Comment.swift in Sources */ = {isa = PBXBuildFile; fileRef = 6551E49A2013AE4100B81E45 /* Comment.swift */; };
		655D172B21362FAA00A307F4 /* MobileCoreServices.framework in Frameworks */ = {isa = PBXBuildFile; fileRef = 655D172A21362FAA00A307F4 /* MobileCoreServices.framework */; };
		655D172E213BC3AC00A307F4 /* VoteController.swift in Sources */ = {isa = PBXBuildFile; fileRef = 655D172D213BC3AC00A307F4 /* VoteController.swift */; };
		655D1730213BC3DE00A307F4 /* VoteProvider.swift in Sources */ = {isa = PBXBuildFile; fileRef = 655D172F213BC3DE00A307F4 /* VoteProvider.swift */; };
		655D1732213D284E00A307F4 /* VoteSubmitController.swift in Sources */ = {isa = PBXBuildFile; fileRef = 655D1731213D284E00A307F4 /* VoteSubmitController.swift */; };
		656F304420711B49009B8D69 /* AbstractMessage.swift in Sources */ = {isa = PBXBuildFile; fileRef = 656F304320711B49009B8D69 /* AbstractMessage.swift */; };
		656F304620711B90009B8D69 /* MessageNotifier.swift in Sources */ = {isa = PBXBuildFile; fileRef = 656F304520711B90009B8D69 /* MessageNotifier.swift */; };
		656F304820711C35009B8D69 /* ResourceProvider.swift in Sources */ = {isa = PBXBuildFile; fileRef = 656F304720711C35009B8D69 /* ResourceProvider.swift */; };
		656F304A20711CAB009B8D69 /* DeviceProvider.swift in Sources */ = {isa = PBXBuildFile; fileRef = 656F304920711CAB009B8D69 /* DeviceProvider.swift */; };
		656F304C207124C8009B8D69 /* DefaultsKey.swift in Sources */ = {isa = PBXBuildFile; fileRef = 656F304B207124C8009B8D69 /* DefaultsKey.swift */; };
		656F304E20712D5A009B8D69 /* AnnouncementViewController.swift in Sources */ = {isa = PBXBuildFile; fileRef = 656F304D20712D5A009B8D69 /* AnnouncementViewController.swift */; };
		656F3052207204E1009B8D69 /* Launch Screen.storyboard in Resources */ = {isa = PBXBuildFile; fileRef = 656F3051207204E1009B8D69 /* Launch Screen.storyboard */; };
		65853A042127D3100001D6A3 /* GameRequest.swift in Sources */ = {isa = PBXBuildFile; fileRef = 65853A032127D3100001D6A3 /* GameRequest.swift */; };
		65853A072127D4DF0001D6A3 /* ChatRequest.swift in Sources */ = {isa = PBXBuildFile; fileRef = 65853A062127D4DF0001D6A3 /* ChatRequest.swift */; };
		65853A092127D5980001D6A3 /* UserRequest.swift in Sources */ = {isa = PBXBuildFile; fileRef = 65853A082127D5980001D6A3 /* UserRequest.swift */; };
		65853A0B212932B00001D6A3 /* Alumni.swift in Sources */ = {isa = PBXBuildFile; fileRef = 65853A0A212932B00001D6A3 /* Alumni.swift */; };
		65853A0E2129342F0001D6A3 /* WaterAuth.swift in Sources */ = {isa = PBXBuildFile; fileRef = 65853A0D2129342F0001D6A3 /* WaterAuth.swift */; };
		658CE36F21037B5A000D3900 /* NotificationService.swift in Sources */ = {isa = PBXBuildFile; fileRef = 658CE36E21037B5A000D3900 /* NotificationService.swift */; };
		658CE37321037B5A000D3900 /* NotificationService.appex in Embed App Extensions */ = {isa = PBXBuildFile; fileRef = 658CE36C21037B5A000D3900 /* NotificationService.appex */; settings = {ATTRIBUTES = (RemoveHeadersOnCopy, ); }; };
		658CE37821042CE5000D3900 /* Device.swift in Sources */ = {isa = PBXBuildFile; fileRef = 658CE37721042CE5000D3900 /* Device.swift */; };
		659003B02015BA0E0077876F /* TempViewController.swift in Sources */ = {isa = PBXBuildFile; fileRef = 659003AF2015BA0E0077876F /* TempViewController.swift */; };
		6590C850211EA56800D2CCC5 /* Attachment.swift in Sources */ = {isa = PBXBuildFile; fileRef = 6590C84F211EA56800D2CCC5 /* Attachment.swift */; };
		659762B120D3B7FD002798F2 /* QRCodeViewController.swift in Sources */ = {isa = PBXBuildFile; fileRef = 659762B020D3B7FD002798F2 /* QRCodeViewController.swift */; };
		65B9F58D213E783000A1F3DF /* Ticket.swift in Sources */ = {isa = PBXBuildFile; fileRef = 65B9F58C213E783000A1F3DF /* Ticket.swift */; };
		65D3A7602010275A00582257 /* ResourceViewController.swift in Sources */ = {isa = PBXBuildFile; fileRef = 65D3A75F2010275A00582257 /* ResourceViewController.swift */; };
		65D55AF420CCD7660089310B /* CloudKit.framework in Frameworks */ = {isa = PBXBuildFile; fileRef = 65D55AF320CCD7660089310B /* CloudKit.framework */; };
		65FDA9F5206FF91A001F4AE9 /* DeviceRequest.swift in Sources */ = {isa = PBXBuildFile; fileRef = 65FDA9F4206FF91A001F4AE9 /* DeviceRequest.swift */; };
		974A27702225B29A9C47EC17 /* Pods_NFLSers_iOS.framework in Frameworks */ = {isa = PBXBuildFile; fileRef = 2FDC7CB56AB30DBC06422C04 /* Pods_NFLSers_iOS.framework */; };
		D6AE17421E44D51600E66B4B /* AppDelegate.swift in Sources */ = {isa = PBXBuildFile; fileRef = D6AE17411E44D51600E66B4B /* AppDelegate.swift */; };
/* End PBXBuildFile section */

/* Begin PBXContainerItemProxy section */
		658CE37121037B5A000D3900 /* PBXContainerItemProxy */ = {
			isa = PBXContainerItemProxy;
			containerPortal = D6AE17361E44D51600E66B4B /* Project object */;
			proxyType = 1;
			remoteGlobalIDString = 658CE36B21037B5A000D3900;
			remoteInfo = NotificationService;
		};
/* End PBXContainerItemProxy section */

/* Begin PBXCopyFilesBuildPhase section */
		65E9B4731FAEBEC100A0DFFE /* Embed App Extensions */ = {
			isa = PBXCopyFilesBuildPhase;
			buildActionMask = 2147483647;
			dstPath = "";
			dstSubfolderSpec = 13;
			files = (
				658CE37321037B5A000D3900 /* NotificationService.appex in Embed App Extensions */,
			);
			name = "Embed App Extensions";
			runOnlyForDeploymentPostprocessing = 0;
		};
/* End PBXCopyFilesBuildPhase section */

/* Begin PBXFileReference section */
		2FDC7CB56AB30DBC06422C04 /* Pods_NFLSers_iOS.framework */ = {isa = PBXFileReference; explicitFileType = wrapper.framework; includeInIndex = 0; path = Pods_NFLSers_iOS.framework; sourceTree = BUILT_PRODUCTS_DIR; };
		650806BC214A604C00AD0CAE /* ff4798bd-7715-4a1d-871c-50ed3af4376b.png */ = {isa = PBXFileReference; lastKnownFileType = image.png; path = "ff4798bd-7715-4a1d-871c-50ed3af4376b.png"; sourceTree = "<group>"; };
		650806BE214BECF200AD0CAE /* AlbumProvider.swift */ = {isa = PBXFileReference; lastKnownFileType = sourcecode.swift; path = AlbumProvider.swift; sourceTree = "<group>"; };
		650C3869204997ED00A5B192 /* Notice.swift */ = {isa = PBXFileReference; lastKnownFileType = sourcecode.swift; path = Notice.swift; sourceTree = "<group>"; };
		65108DBD20101DFA00A5267E /* Main_v2.storyboard */ = {isa = PBXFileReference; lastKnownFileType = file.storyboard; path = Main_v2.storyboard; sourceTree = "<group>"; };
		65108DC120101EC800A5267E /* LoginViewController.swift */ = {isa = PBXFileReference; lastKnownFileType = sourcecode.swift; path = LoginViewController.swift; sourceTree = "<group>"; };
		65108DC4201022C800A5267E /* MainOAuth2.swift */ = {isa = PBXFileReference; lastKnownFileType = sourcecode.swift; path = MainOAuth2.swift; sourceTree = "<group>"; };
		65108DC72010249A00A5267E /* AbstractViewController.swift */ = {isa = PBXFileReference; lastKnownFileType = sourcecode.swift; path = AbstractViewController.swift; sourceTree = "<group>"; };
		651548372032B19A0088BD20 /* StoreKit.framework */ = {isa = PBXFileReference; lastKnownFileType = wrapper.framework; name = StoreKit.framework; path = System/Library/Frameworks/StoreKit.framework; sourceTree = SDKROOT; };
		651548392032B19C0088BD20 /* PassKit.framework */ = {isa = PBXFileReference; lastKnownFileType = wrapper.framework; name = PassKit.framework; path = System/Library/Frameworks/PassKit.framework; sourceTree = SDKROOT; };
		6515483B2032B19D0088BD20 /* NetworkExtension.framework */ = {isa = PBXFileReference; lastKnownFileType = wrapper.framework; name = NetworkExtension.framework; path = System/Library/Frameworks/NetworkExtension.framework; sourceTree = SDKROOT; };
		65185B3320143813009FDF76 /* AbstractReponse.swift */ = {isa = PBXFileReference; lastKnownFileType = sourcecode.swift; path = AbstractReponse.swift; sourceTree = "<group>"; };
		65185B352014399B009FDF76 /* GalleryRequest.swift */ = {isa = PBXFileReference; lastKnownFileType = sourcecode.swift; path = GalleryRequest.swift; sourceTree = "<group>"; };
		65185B3820143F69009FDF76 /* AbstractProvider.swift */ = {isa = PBXFileReference; lastKnownFileType = sourcecode.swift; path = AbstractProvider.swift; sourceTree = "<group>"; };
		65185B3B20144863009FDF76 /* GalleryListController.swift */ = {isa = PBXFileReference; lastKnownFileType = sourcecode.swift; path = GalleryListController.swift; sourceTree = "<group>"; };
		651ED7932076415A009A9ED1 /* Images.xcassets */ = {isa = PBXFileReference; lastKnownFileType = folder.assetcatalog; name = Images.xcassets; path = app/Images.xcassets; sourceTree = "<group>"; };
		651ED795207641E8009A9ED1 /* ItunesArtwork@2x.png */ = {isa = PBXFileReference; lastKnownFileType = image.png; name = "ItunesArtwork@2x.png"; path = "app/v2/Assets/ItunesArtwork@2x.png"; sourceTree = SOURCE_ROOT; };
		651ED79F2076A09F009A9ED1 /* TabBarController.swift */ = {isa = PBXFileReference; lastKnownFileType = sourcecode.swift; path = TabBarController.swift; sourceTree = "<group>"; };
		651ED7A12076AE53009A9ED1 /* WKWebViewController.swift */ = {isa = PBXFileReference; lastKnownFileType = sourcecode.swift; path = WKWebViewController.swift; sourceTree = "<group>"; };
		651FCF73203E7E420089173E /* File.swift */ = {isa = PBXFileReference; lastKnownFileType = sourcecode.swift; path = File.swift; sourceTree = "<group>"; };
		651FCF75203E7F660089173E /* ResourceRequest.swift */ = {isa = PBXFileReference; lastKnownFileType = sourcecode.swift; path = ResourceRequest.swift; sourceTree = "<group>"; };
		6532E7BD2037588100A23706 /* MapKit.framework */ = {isa = PBXFileReference; lastKnownFileType = wrapper.framework; name = MapKit.framework; path = System/Library/Frameworks/MapKit.framework; sourceTree = SDKROOT; };
		6542EF7D211EA76000F9D126 /* Blackboard.swift */ = {isa = PBXFileReference; lastKnownFileType = sourcecode.swift; path = Blackboard.swift; sourceTree = "<group>"; };
		6542EF83211EA8D200F9D126 /* Course.swift */ = {isa = PBXFileReference; lastKnownFileType = sourcecode.swift; path = Course.swift; sourceTree = "<group>"; };
		6542EF85211EA95900F9D126 /* Paper.swift */ = {isa = PBXFileReference; lastKnownFileType = sourcecode.swift; path = Paper.swift; sourceTree = "<group>"; };
		6542EF87211FF08500F9D126 /* Problem.swift */ = {isa = PBXFileReference; lastKnownFileType = sourcecode.swift; path = Problem.swift; sourceTree = "<group>"; };
		6542EF89211FF3AC00F9D126 /* Record.swift */ = {isa = PBXFileReference; lastKnownFileType = sourcecode.swift; path = Record.swift; sourceTree = "<group>"; };
		6542EF8C211FF4D500F9D126 /* Vote.swift */ = {isa = PBXFileReference; lastKnownFileType = sourcecode.swift; path = Vote.swift; sourceTree = "<group>"; };
		6542EF8E211FF58500F9D126 /* Option.swift */ = {isa = PBXFileReference; lastKnownFileType = sourcecode.swift; path = Option.swift; sourceTree = "<group>"; };
		6542EF902121515E00F9D126 /* Chat.swift */ = {isa = PBXFileReference; lastKnownFileType = sourcecode.swift; path = Chat.swift; sourceTree = "<group>"; };
		6542EF932121520C00F9D126 /* StsToken.swift */ = {isa = PBXFileReference; lastKnownFileType = sourcecode.swift; path = StsToken.swift; sourceTree = "<group>"; };
		6542EF962121540700F9D126 /* Game.swift */ = {isa = PBXFileReference; lastKnownFileType = sourcecode.swift; path = Game.swift; sourceTree = "<group>"; };
		6542EF98212155D700F9D126 /* Rank.swift */ = {isa = PBXFileReference; lastKnownFileType = sourcecode.swift; path = Rank.swift; sourceTree = "<group>"; };
		6542EF9A21229E4200F9D126 /* PaperRequest.swift */ = {isa = PBXFileReference; lastKnownFileType = sourcecode.swift; path = PaperRequest.swift; sourceTree = "<group>"; };
		6542EF9C2122A00E00F9D126 /* ProblemRequest.swift */ = {isa = PBXFileReference; lastKnownFileType = sourcecode.swift; path = ProblemRequest.swift; sourceTree = "<group>"; };
		6542EF9F2123D8E900F9D126 /* RecordRequest.swift */ = {isa = PBXFileReference; lastKnownFileType = sourcecode.swift; path = RecordRequest.swift; sourceTree = "<group>"; };
		6542EFA12123DC0900F9D126 /* CourseRequest.swift */ = {isa = PBXFileReference; lastKnownFileType = sourcecode.swift; path = CourseRequest.swift; sourceTree = "<group>"; };
		6542EFA42123DD5E00F9D126 /* BlackboardRequest.swift */ = {isa = PBXFileReference; lastKnownFileType = sourcecode.swift; path = BlackboardRequest.swift; sourceTree = "<group>"; };
		6542EFA62123DE6400F9D126 /* NoticeRequest.swift */ = {isa = PBXFileReference; lastKnownFileType = sourcecode.swift; path = NoticeRequest.swift; sourceTree = "<group>"; };
		6542EFA821267DA600F9D126 /* LivePlayerController.swift */ = {isa = PBXFileReference; lastKnownFileType = sourcecode.swift; path = LivePlayerController.swift; sourceTree = "<group>"; };
		6542EFAB21267F4A00F9D126 /* VoteRequest.swift */ = {isa = PBXFileReference; lastKnownFileType = sourcecode.swift; path = VoteRequest.swift; sourceTree = "<group>"; };
		65517954214417E900556772 /* CardProvider.swift */ = {isa = PBXFileReference; lastKnownFileType = sourcecode.swift; path = CardProvider.swift; sourceTree = "<group>"; };
		655179562144182600556772 /* Card.swift */ = {isa = PBXFileReference; lastKnownFileType = sourcecode.swift; path = Card.swift; sourceTree = "<group>"; };
		6551795821441D9000556772 /* UserProvider.swift */ = {isa = PBXFileReference; lastKnownFileType = sourcecode.swift; path = UserProvider.swift; sourceTree = "<group>"; };
		6551E48F2013A66200B81E45 /* Info.plist */ = {isa = PBXFileReference; fileEncoding = 4; lastKnownFileType = text.plist.xml; name = Info.plist; path = app/Info.plist; sourceTree = "<group>"; };
		6551E4922013A73000B81E45 /* User.swift */ = {isa = PBXFileReference; lastKnownFileType = sourcecode.swift; path = User.swift; sourceTree = "<group>"; };
		6551E4942013A9B800B81E45 /* Photo.swift */ = {isa = PBXFileReference; lastKnownFileType = sourcecode.swift; path = Photo.swift; sourceTree = "<group>"; };
		6551E4962013AB8700B81E45 /* MainConstant.swift */ = {isa = PBXFileReference; lastKnownFileType = sourcecode.swift; path = MainConstant.swift; sourceTree = "<group>"; };
		6551E4982013AE2F00B81E45 /* Gallery.swift */ = {isa = PBXFileReference; lastKnownFileType = sourcecode.swift; path = Gallery.swift; sourceTree = "<group>"; };
		6551E49A2013AE4100B81E45 /* Comment.swift */ = {isa = PBXFileReference; lastKnownFileType = sourcecode.swift; path = Comment.swift; sourceTree = "<group>"; };
		655D172A21362FAA00A307F4 /* MobileCoreServices.framework */ = {isa = PBXFileReference; lastKnownFileType = wrapper.framework; name = MobileCoreServices.framework; path = System/Library/Frameworks/MobileCoreServices.framework; sourceTree = SDKROOT; };
		655D172D213BC3AC00A307F4 /* VoteController.swift */ = {isa = PBXFileReference; lastKnownFileType = sourcecode.swift; path = VoteController.swift; sourceTree = "<group>"; };
		655D172F213BC3DE00A307F4 /* VoteProvider.swift */ = {isa = PBXFileReference; lastKnownFileType = sourcecode.swift; path = VoteProvider.swift; sourceTree = "<group>"; };
		655D1731213D284E00A307F4 /* VoteSubmitController.swift */ = {isa = PBXFileReference; lastKnownFileType = sourcecode.swift; path = VoteSubmitController.swift; sourceTree = "<group>"; };
		656AEC931F3096F100F0801A /* NFLSers-iOS.app */ = {isa = PBXFileReference; explicitFileType = wrapper.application; includeInIndex = 0; path = "NFLSers-iOS.app"; sourceTree = BUILT_PRODUCTS_DIR; };
		656F304320711B49009B8D69 /* AbstractMessage.swift */ = {isa = PBXFileReference; lastKnownFileType = sourcecode.swift; path = AbstractMessage.swift; sourceTree = "<group>"; };
		656F304520711B90009B8D69 /* MessageNotifier.swift */ = {isa = PBXFileReference; lastKnownFileType = sourcecode.swift; path = MessageNotifier.swift; sourceTree = "<group>"; };
		656F304720711C35009B8D69 /* ResourceProvider.swift */ = {isa = PBXFileReference; lastKnownFileType = sourcecode.swift; path = ResourceProvider.swift; sourceTree = "<group>"; };
		656F304920711CAB009B8D69 /* DeviceProvider.swift */ = {isa = PBXFileReference; lastKnownFileType = sourcecode.swift; path = DeviceProvider.swift; sourceTree = "<group>"; };
		656F304B207124C8009B8D69 /* DefaultsKey.swift */ = {isa = PBXFileReference; lastKnownFileType = sourcecode.swift; path = DefaultsKey.swift; sourceTree = "<group>"; };
		656F304D20712D5A009B8D69 /* AnnouncementViewController.swift */ = {isa = PBXFileReference; lastKnownFileType = sourcecode.swift; path = AnnouncementViewController.swift; sourceTree = "<group>"; };
		656F3051207204E1009B8D69 /* Launch Screen.storyboard */ = {isa = PBXFileReference; lastKnownFileType = file.storyboard; path = "Launch Screen.storyboard"; sourceTree = "<group>"; };
		65784C7F1F097C0C00BDC60A /* NFLSers-iOS-Bridging-Header.h */ = {isa = PBXFileReference; lastKnownFileType = sourcecode.c.h; path = "NFLSers-iOS-Bridging-Header.h"; sourceTree = "<group>"; };
		65853A032127D3100001D6A3 /* GameRequest.swift */ = {isa = PBXFileReference; lastKnownFileType = sourcecode.swift; path = GameRequest.swift; sourceTree = "<group>"; };
		65853A062127D4DF0001D6A3 /* ChatRequest.swift */ = {isa = PBXFileReference; lastKnownFileType = sourcecode.swift; path = ChatRequest.swift; sourceTree = "<group>"; };
		65853A082127D5980001D6A3 /* UserRequest.swift */ = {isa = PBXFileReference; lastKnownFileType = sourcecode.swift; path = UserRequest.swift; sourceTree = "<group>"; };
		65853A0A212932B00001D6A3 /* Alumni.swift */ = {isa = PBXFileReference; lastKnownFileType = sourcecode.swift; path = Alumni.swift; sourceTree = "<group>"; };
		65853A0D2129342F0001D6A3 /* WaterAuth.swift */ = {isa = PBXFileReference; lastKnownFileType = sourcecode.swift; path = WaterAuth.swift; sourceTree = "<group>"; };
		658CE36C21037B5A000D3900 /* NotificationService.appex */ = {isa = PBXFileReference; explicitFileType = "wrapper.app-extension"; includeInIndex = 0; path = NotificationService.appex; sourceTree = BUILT_PRODUCTS_DIR; };
		658CE36E21037B5A000D3900 /* NotificationService.swift */ = {isa = PBXFileReference; lastKnownFileType = sourcecode.swift; path = NotificationService.swift; sourceTree = "<group>"; };
		658CE37021037B5A000D3900 /* Info.plist */ = {isa = PBXFileReference; lastKnownFileType = text.plist.xml; path = Info.plist; sourceTree = "<group>"; };
		658CE37721042CE5000D3900 /* Device.swift */ = {isa = PBXFileReference; lastKnownFileType = sourcecode.swift; path = Device.swift; sourceTree = "<group>"; };
		659003AF2015BA0E0077876F /* TempViewController.swift */ = {isa = PBXFileReference; lastKnownFileType = sourcecode.swift; path = TempViewController.swift; sourceTree = "<group>"; };
		6590C84F211EA56800D2CCC5 /* Attachment.swift */ = {isa = PBXFileReference; lastKnownFileType = sourcecode.swift; path = Attachment.swift; sourceTree = "<group>"; };
		659762B020D3B7FD002798F2 /* QRCodeViewController.swift */ = {isa = PBXFileReference; lastKnownFileType = sourcecode.swift; path = QRCodeViewController.swift; sourceTree = "<group>"; };
		65B9F58C213E783000A1F3DF /* Ticket.swift */ = {isa = PBXFileReference; lastKnownFileType = sourcecode.swift; path = Ticket.swift; sourceTree = "<group>"; };
		65D3A75F2010275A00582257 /* ResourceViewController.swift */ = {isa = PBXFileReference; lastKnownFileType = sourcecode.swift; path = ResourceViewController.swift; sourceTree = "<group>"; };
		65D55AF320CCD7660089310B /* CloudKit.framework */ = {isa = PBXFileReference; lastKnownFileType = wrapper.framework; name = CloudKit.framework; path = System/Library/Frameworks/CloudKit.framework; sourceTree = SDKROOT; };
		65FDA9F4206FF91A001F4AE9 /* DeviceRequest.swift */ = {isa = PBXFileReference; lastKnownFileType = sourcecode.swift; path = DeviceRequest.swift; sourceTree = "<group>"; };
		86F111C8F7AD1E475324AD0E /* Pods-NFLSers-iOS.release.xcconfig */ = {isa = PBXFileReference; includeInIndex = 1; lastKnownFileType = text.xcconfig; name = "Pods-NFLSers-iOS.release.xcconfig"; path = "Pods/Target Support Files/Pods-NFLSers-iOS/Pods-NFLSers-iOS.release.xcconfig"; sourceTree = "<group>"; };
		B28B96534FB8A60362B227B6 /* Pods-NFLSers-iOS.debug.xcconfig */ = {isa = PBXFileReference; includeInIndex = 1; lastKnownFileType = text.xcconfig; name = "Pods-NFLSers-iOS.debug.xcconfig"; path = "Pods/Target Support Files/Pods-NFLSers-iOS/Pods-NFLSers-iOS.debug.xcconfig"; sourceTree = "<group>"; };
		D6AE17411E44D51600E66B4B /* AppDelegate.swift */ = {isa = PBXFileReference; lastKnownFileType = sourcecode.swift; path = AppDelegate.swift; sourceTree = "<group>"; };
		D6AE174D1E44D51600E66B4B /* Info.plist */ = {isa = PBXFileReference; lastKnownFileType = text.plist.xml; path = Info.plist; sourceTree = "<group>"; };
		D6F7A0001EF2390F0047CF5D /* NFLSers-iOS.entitlements */ = {isa = PBXFileReference; lastKnownFileType = text.plist.entitlements; path = "NFLSers-iOS.entitlements"; sourceTree = "<group>"; };
/* End PBXFileReference section */

/* Begin PBXFrameworksBuildPhase section */
		658CE36921037B5A000D3900 /* Frameworks */ = {
			isa = PBXFrameworksBuildPhase;
			buildActionMask = 2147483647;
			files = (
				655D172B21362FAA00A307F4 /* MobileCoreServices.framework in Frameworks */,
			);
			runOnlyForDeploymentPostprocessing = 0;
		};
		D6AE173B1E44D51600E66B4B /* Frameworks */ = {
			isa = PBXFrameworksBuildPhase;
			buildActionMask = 2147483647;
			files = (
				6515483A2032B19C0088BD20 /* PassKit.framework in Frameworks */,
				6515483C2032B19D0088BD20 /* NetworkExtension.framework in Frameworks */,
				6532E7BE2037588100A23706 /* MapKit.framework in Frameworks */,
				65D55AF420CCD7660089310B /* CloudKit.framework in Frameworks */,
				974A27702225B29A9C47EC17 /* Pods_NFLSers_iOS.framework in Frameworks */,
				651548382032B19A0088BD20 /* StoreKit.framework in Frameworks */,
			);
			runOnlyForDeploymentPostprocessing = 0;
		};
/* End PBXFrameworksBuildPhase section */

/* Begin PBXGroup section */
		2A4DF1458EF09E20E0667868 /* Pods */ = {
			isa = PBXGroup;
			children = (
				B28B96534FB8A60362B227B6 /* Pods-NFLSers-iOS.debug.xcconfig */,
				86F111C8F7AD1E475324AD0E /* Pods-NFLSers-iOS.release.xcconfig */,
			);
			name = Pods;
			sourceTree = "<group>";
		};
		650D5DEF20393DD40058E44D /* Assets */ = {
			isa = PBXGroup;
			children = (
				650806BC214A604C00AD0CAE /* ff4798bd-7715-4a1d-871c-50ed3af4376b.png */,
				651ED795207641E8009A9ED1 /* ItunesArtwork@2x.png */,
			);
			path = Assets;
			sourceTree = "<group>";
		};
		65108DBA20101D9100A5267E /* v2 */ = {
			isa = PBXGroup;
			children = (
				65108DBC20101DE400A5267E /* Controller */,
				656F304120711A05009B8D69 /* Essential */,
				650D5DEF20393DD40058E44D /* Assets */,
				6551E4912013A72400B81E45 /* Model */,
				656F304220711AA9009B8D69 /* Provider */,
				65108DC3201022B800A5267E /* Request */,
			);
			path = v2;
			sourceTree = "<group>";
		};
		65108DBC20101DE400A5267E /* Controller */ = {
			isa = PBXGroup;
			children = (
				655D172C213BC39C00A307F4 /* Vote */,
				659003AF2015BA0E0077876F /* TempViewController.swift */,
				65185B3A20144854009FDF76 /* Media */,
				65D3A75E2010274B00582257 /* School */,
				65108DC020101EA900A5267E /* User */,
				65108DBD20101DFA00A5267E /* Main_v2.storyboard */,
				656F3051207204E1009B8D69 /* Launch Screen.storyboard */,
				656F304D20712D5A009B8D69 /* AnnouncementViewController.swift */,
				651ED79F2076A09F009A9ED1 /* TabBarController.swift */,
				651ED7A12076AE53009A9ED1 /* WKWebViewController.swift */,
			);
			path = Controller;
			sourceTree = "<group>";
		};
		65108DC020101EA900A5267E /* User */ = {
			isa = PBXGroup;
			children = (
				65108DC120101EC800A5267E /* LoginViewController.swift */,
			);
			path = User;
			sourceTree = "<group>";
		};
		65108DC3201022B800A5267E /* Request */ = {
			isa = PBXGroup;
			children = (
				65853A0C212934020001D6A3 /* Auth */,
				65853A052127D3D80001D6A3 /* Resource */,
				65853A022127D2EC0001D6A3 /* User */,
				65853A012127D2DD0001D6A3 /* Game */,
				6542EFAD2126838E00F9D126 /* Media */,
				6542EFAA21267E7900F9D126 /* Vote */,
				6542EFA32123DD4300F9D126 /* Blackboard */,
				6542EF9E2122A01500F9D126 /* Practice */,
			);
			path = Request;
			sourceTree = "<group>";
		};
		65185B3A20144854009FDF76 /* Media */ = {
			isa = PBXGroup;
			children = (
				65185B3B20144863009FDF76 /* GalleryListController.swift */,
				6542EFA821267DA600F9D126 /* LivePlayerController.swift */,
			);
			path = Media;
			sourceTree = "<group>";
		};
		6542EF7F211EA87800F9D126 /* Blackboard */ = {
			isa = PBXGroup;
			children = (
				6542EF80211EA88E00F9D126 /* User */,
				650C3869204997ED00A5B192 /* Notice.swift */,
				6590C84F211EA56800D2CCC5 /* Attachment.swift */,
				6542EF7D211EA76000F9D126 /* Blackboard.swift */,
			);
			path = Blackboard;
			sourceTree = "<group>";
		};
		6542EF80211EA88E00F9D126 /* User */ = {
			isa = PBXGroup;
			children = (
				6551E4922013A73000B81E45 /* User.swift */,
				658CE37721042CE5000D3900 /* Device.swift */,
				6542EF902121515E00F9D126 /* Chat.swift */,
				65853A0A212932B00001D6A3 /* Alumni.swift */,
				655179562144182600556772 /* Card.swift */,
			);
			path = User;
			sourceTree = "<group>";
		};
		6542EF81211EA89B00F9D126 /* Media */ = {
			isa = PBXGroup;
			children = (
				6551E4942013A9B800B81E45 /* Photo.swift */,
				6551E4982013AE2F00B81E45 /* Gallery.swift */,
				6551E49A2013AE4100B81E45 /* Comment.swift */,
				6542EF962121540700F9D126 /* Game.swift */,
				6542EF98212155D700F9D126 /* Rank.swift */,
			);
			path = Media;
			sourceTree = "<group>";
		};
		6542EF82211EA8C100F9D126 /* Practice */ = {
			isa = PBXGroup;
			children = (
				6542EF83211EA8D200F9D126 /* Course.swift */,
				6542EF85211EA95900F9D126 /* Paper.swift */,
				6542EF87211FF08500F9D126 /* Problem.swift */,
				6542EF89211FF3AC00F9D126 /* Record.swift */,
			);
			path = Practice;
			sourceTree = "<group>";
		};
		6542EF8B211FF4B600F9D126 /* Vote */ = {
			isa = PBXGroup;
			children = (
				6542EF8C211FF4D500F9D126 /* Vote.swift */,
				6542EF8E211FF58500F9D126 /* Option.swift */,
				65B9F58C213E783000A1F3DF /* Ticket.swift */,
			);
			path = Vote;
			sourceTree = "<group>";
		};
		6542EF92212151F300F9D126 /* Resource */ = {
			isa = PBXGroup;
			children = (
				651FCF73203E7E420089173E /* File.swift */,
				6542EF932121520C00F9D126 /* StsToken.swift */,
			);
			path = Resource;
			sourceTree = "<group>";
		};
		6542EF9E2122A01500F9D126 /* Practice */ = {
			isa = PBXGroup;
			children = (
				6542EF9A21229E4200F9D126 /* PaperRequest.swift */,
				6542EF9C2122A00E00F9D126 /* ProblemRequest.swift */,
				6542EF9F2123D8E900F9D126 /* RecordRequest.swift */,
				6542EFA12123DC0900F9D126 /* CourseRequest.swift */,
			);
			path = Practice;
			sourceTree = "<group>";
		};
		6542EFA32123DD4300F9D126 /* Blackboard */ = {
			isa = PBXGroup;
			children = (
				6542EFA42123DD5E00F9D126 /* BlackboardRequest.swift */,
				6542EFA62123DE6400F9D126 /* NoticeRequest.swift */,
			);
			path = Blackboard;
			sourceTree = "<group>";
		};
		6542EFAA21267E7900F9D126 /* Vote */ = {
			isa = PBXGroup;
			children = (
				6542EFAB21267F4A00F9D126 /* VoteRequest.swift */,
			);
			path = Vote;
			sourceTree = "<group>";
		};
		6542EFAD2126838E00F9D126 /* Media */ = {
			isa = PBXGroup;
			children = (
				65185B352014399B009FDF76 /* GalleryRequest.swift */,
			);
			path = Media;
			sourceTree = "<group>";
		};
		6551E4912013A72400B81E45 /* Model */ = {
			isa = PBXGroup;
			children = (
				6542EF92212151F300F9D126 /* Resource */,
				6542EF8B211FF4B600F9D126 /* Vote */,
				6542EF82211EA8C100F9D126 /* Practice */,
				6542EF81211EA89B00F9D126 /* Media */,
				6542EF7F211EA87800F9D126 /* Blackboard */,
			);
			path = Model;
			sourceTree = "<group>";
		};
		655D172C213BC39C00A307F4 /* Vote */ = {
			isa = PBXGroup;
			children = (
				655D172D213BC3AC00A307F4 /* VoteController.swift */,
				655D1731213D284E00A307F4 /* VoteSubmitController.swift */,
			);
			path = Vote;
			sourceTree = "<group>";
		};
		656F304120711A05009B8D69 /* Essential */ = {
			isa = PBXGroup;
			children = (
				6551E4962013AB8700B81E45 /* MainConstant.swift */,
				65108DC72010249A00A5267E /* AbstractViewController.swift */,
				65185B3320143813009FDF76 /* AbstractReponse.swift */,
				65185B3820143F69009FDF76 /* AbstractProvider.swift */,
				656F304320711B49009B8D69 /* AbstractMessage.swift */,
				656F304520711B90009B8D69 /* MessageNotifier.swift */,
				656F304B207124C8009B8D69 /* DefaultsKey.swift */,
			);
			path = Essential;
			sourceTree = "<group>";
		};
		656F304220711AA9009B8D69 /* Provider */ = {
			isa = PBXGroup;
			children = (
				656F304720711C35009B8D69 /* ResourceProvider.swift */,
				656F304920711CAB009B8D69 /* DeviceProvider.swift */,
				655D172F213BC3DE00A307F4 /* VoteProvider.swift */,
				65517954214417E900556772 /* CardProvider.swift */,
				6551795821441D9000556772 /* UserProvider.swift */,
				650806BE214BECF200AD0CAE /* AlbumProvider.swift */,
			);
			path = Provider;
			sourceTree = "<group>";
		};
		65853A012127D2DD0001D6A3 /* Game */ = {
			isa = PBXGroup;
			children = (
				65853A032127D3100001D6A3 /* GameRequest.swift */,
			);
			path = Game;
			sourceTree = "<group>";
		};
		65853A022127D2EC0001D6A3 /* User */ = {
			isa = PBXGroup;
			children = (
				65FDA9F4206FF91A001F4AE9 /* DeviceRequest.swift */,
				65853A062127D4DF0001D6A3 /* ChatRequest.swift */,
				65853A082127D5980001D6A3 /* UserRequest.swift */,
			);
			path = User;
			sourceTree = "<group>";
		};
		65853A052127D3D80001D6A3 /* Resource */ = {
			isa = PBXGroup;
			children = (
				651FCF75203E7F660089173E /* ResourceRequest.swift */,
			);
			path = Resource;
			sourceTree = "<group>";
		};
		65853A0C212934020001D6A3 /* Auth */ = {
			isa = PBXGroup;
			children = (
				65108DC4201022C800A5267E /* MainOAuth2.swift */,
				65853A0D2129342F0001D6A3 /* WaterAuth.swift */,
			);
			path = Auth;
			sourceTree = "<group>";
		};
		658CE36D21037B5A000D3900 /* NotificationService */ = {
			isa = PBXGroup;
			children = (
				658CE36E21037B5A000D3900 /* NotificationService.swift */,
				658CE37021037B5A000D3900 /* Info.plist */,
			);
			path = NotificationService;
			sourceTree = "<group>";
		};
		65D3A75E2010274B00582257 /* School */ = {
			isa = PBXGroup;
			children = (
				65D3A75F2010275A00582257 /* ResourceViewController.swift */,
				659762B020D3B7FD002798F2 /* QRCodeViewController.swift */,
			);
			path = School;
			sourceTree = "<group>";
		};
		B5699415F5610DDDCD428288 /* Frameworks */ = {
			isa = PBXGroup;
			children = (
				655D172A21362FAA00A307F4 /* MobileCoreServices.framework */,
				65D55AF320CCD7660089310B /* CloudKit.framework */,
				6532E7BD2037588100A23706 /* MapKit.framework */,
				6515483B2032B19D0088BD20 /* NetworkExtension.framework */,
				651548392032B19C0088BD20 /* PassKit.framework */,
				651548372032B19A0088BD20 /* StoreKit.framework */,
				2FDC7CB56AB30DBC06422C04 /* Pods_NFLSers_iOS.framework */,
			);
			name = Frameworks;
			sourceTree = "<group>";
		};
		D6AE17351E44D51600E66B4B = {
			isa = PBXGroup;
			children = (
				651ED7932076415A009A9ED1 /* Images.xcassets */,
				6551E48F2013A66200B81E45 /* Info.plist */,
				D6F7A0001EF2390F0047CF5D /* NFLSers-iOS.entitlements */,
				65784C7F1F097C0C00BDC60A /* NFLSers-iOS-Bridging-Header.h */,
				D6AE17401E44D51600E66B4B /* app */,
				656AEC931F3096F100F0801A /* NFLSers-iOS.app */,
				2A4DF1458EF09E20E0667868 /* Pods */,
				658CE36D21037B5A000D3900 /* NotificationService */,
				B5699415F5610DDDCD428288 /* Frameworks */,
				658CE36C21037B5A000D3900 /* NotificationService.appex */,
			);
			sourceTree = "<group>";
		};
		D6AE17401E44D51600E66B4B /* app */ = {
			isa = PBXGroup;
			children = (
				D6AE17411E44D51600E66B4B /* AppDelegate.swift */,
				65108DBA20101D9100A5267E /* v2 */,
				D6AE174D1E44D51600E66B4B /* Info.plist */,
			);
			path = app;
			sourceTree = "<group>";
		};
/* End PBXGroup section */

/* Begin PBXNativeTarget section */
		658CE36B21037B5A000D3900 /* NotificationService */ = {
			isa = PBXNativeTarget;
			buildConfigurationList = 658CE37421037B5A000D3900 /* Build configuration list for PBXNativeTarget "NotificationService" */;
			buildPhases = (
				658CE36821037B5A000D3900 /* Sources */,
				658CE36921037B5A000D3900 /* Frameworks */,
				658CE36A21037B5A000D3900 /* Resources */,
			);
			buildRules = (
			);
			dependencies = (
			);
			name = NotificationService;
			productName = NotificationService;
			productReference = 658CE36C21037B5A000D3900 /* NotificationService.appex */;
			productType = "com.apple.product-type.app-extension";
		};
		D6AE173D1E44D51600E66B4B /* NFLSers-iOS */ = {
			isa = PBXNativeTarget;
			buildConfigurationList = D6AE17661E44D51600E66B4B /* Build configuration list for PBXNativeTarget "NFLSers-iOS" */;
			buildPhases = (
				E5BC3AD96A01BCEAF78DDDCA /* [CP] Check Pods Manifest.lock */,
				6555DC9220161ED000FA8B13 /* Run Script */,
				D6AE173A1E44D51600E66B4B /* Sources */,
				D6AE173B1E44D51600E66B4B /* Frameworks */,
				D6AE173C1E44D51600E66B4B /* Resources */,
				22E64A7FDA9057C2741B7323 /* [CP] Embed Pods Frameworks */,
				65E9B4731FAEBEC100A0DFFE /* Embed App Extensions */,
			);
			buildRules = (
			);
			dependencies = (
				658CE37221037B5A000D3900 /* PBXTargetDependency */,
			);
			name = "NFLSers-iOS";
			productName = general;
			productReference = 656AEC931F3096F100F0801A /* NFLSers-iOS.app */;
			productType = "com.apple.product-type.application";
		};
/* End PBXNativeTarget section */

/* Begin PBXProject section */
		D6AE17361E44D51600E66B4B /* Project object */ = {
			isa = PBXProject;
			attributes = {
				DefaultBuildSystemTypeForWorkspace = Original;
				LastSwiftUpdateCheck = 1000;
				LastUpgradeCheck = 0930;
				ORGANIZATIONNAME = "胡清阳";
				TargetAttributes = {
					658CE36B21037B5A000D3900 = {
						CreatedOnToolsVersion = 10.0;
						DevelopmentTeam = K2P3533G4D;
						ProvisioningStyle = Automatic;
					};
					D6AE173D1E44D51600E66B4B = {
						CreatedOnToolsVersion = 8.2.1;
						DevelopmentTeam = K2P3533G4D;
						LastSwiftMigration = 0900;
						ProvisioningStyle = Automatic;
						SystemCapabilities = {
							com.apple.HotspotConfiguration = {
								enabled = 1;
							};
							com.apple.InAppPurchase = {
								enabled = 1;
							};
							com.apple.Keychain = {
								enabled = 1;
							};
							com.apple.Maps.iOS = {
								enabled = 1;
							};
							com.apple.Push = {
								enabled = 1;
							};
							com.apple.SafariKeychain = {
								enabled = 1;
							};
							com.apple.Wallet = {
								enabled = 1;
							};
							com.apple.iCloud = {
								enabled = 1;
							};
						};
					};
				};
			};
			buildConfigurationList = D6AE17391E44D51600E66B4B /* Build configuration list for PBXProject "NFLSers-iOS" */;
			compatibilityVersion = "Xcode 3.2";
			developmentRegion = English;
			hasScannedForEncodings = 0;
			knownRegions = (
				Base,
			);
			mainGroup = D6AE17351E44D51600E66B4B;
			productRefGroup = D6AE17351E44D51600E66B4B;
			projectDirPath = "";
			projectRoot = "";
			targets = (
				D6AE173D1E44D51600E66B4B /* NFLSers-iOS */,
				658CE36B21037B5A000D3900 /* NotificationService */,
			);
		};
/* End PBXProject section */

/* Begin PBXResourcesBuildPhase section */
		658CE36A21037B5A000D3900 /* Resources */ = {
			isa = PBXResourcesBuildPhase;
			buildActionMask = 2147483647;
			files = (
			);
			runOnlyForDeploymentPostprocessing = 0;
		};
		D6AE173C1E44D51600E66B4B /* Resources */ = {
			isa = PBXResourcesBuildPhase;
			buildActionMask = 2147483647;
			files = (
				656F3052207204E1009B8D69 /* Launch Screen.storyboard in Resources */,
				651ED7942076415A009A9ED1 /* Images.xcassets in Resources */,
				6551E4902013A66300B81E45 /* Info.plist in Resources */,
				65108DBE20101DFA00A5267E /* Main_v2.storyboard in Resources */,
				650806BD214A604C00AD0CAE /* ff4798bd-7715-4a1d-871c-50ed3af4376b.png in Resources */,
				651ED796207641E8009A9ED1 /* ItunesArtwork@2x.png in Resources */,
			);
			runOnlyForDeploymentPostprocessing = 0;
		};
/* End PBXResourcesBuildPhase section */

/* Begin PBXShellScriptBuildPhase section */
		22E64A7FDA9057C2741B7323 /* [CP] Embed Pods Frameworks */ = {
			isa = PBXShellScriptBuildPhase;
			buildActionMask = 2147483647;
			files = (
			);
			inputPaths = (
				"${SRCROOT}/Pods/Target Support Files/Pods-NFLSers-iOS/Pods-NFLSers-iOS-frameworks.sh",
				"${BUILT_PRODUCTS_DIR}/Alamofire/Alamofire.framework",
				"${BUILT_PRODUCTS_DIR}/AlamofireNetworkActivityIndicator/AlamofireNetworkActivityIndicator.framework",
				"${BUILT_PRODUCTS_DIR}/AliyunOSSiOS/AliyunOSSiOS.framework",
				"${BUILT_PRODUCTS_DIR}/Base32/Base32.framework",
				"${BUILT_PRODUCTS_DIR}/Cache/Cache.framework",
				"${BUILT_PRODUCTS_DIR}/DeviceKit/DeviceKit.framework",
				"${BUILT_PRODUCTS_DIR}/EFQRCode/EFQRCode.framework",
				"${BUILT_PRODUCTS_DIR}/Eureka/Eureka.framework",
				"${BUILT_PRODUCTS_DIR}/FCUUID/FCUUID.framework",
				"${BUILT_PRODUCTS_DIR}/FileKit/FileKit.framework",
				"${BUILT_PRODUCTS_DIR}/IQKeyboardManagerSwift/IQKeyboardManagerSwift.framework",
				"${BUILT_PRODUCTS_DIR}/MarkdownView/MarkdownView.framework",
				"${BUILT_PRODUCTS_DIR}/Moya/Moya.framework",
				"${BUILT_PRODUCTS_DIR}/ObjectMapper/ObjectMapper.framework",
				"${BUILT_PRODUCTS_DIR}/OneTimePassword/OneTimePassword.framework",
				"${BUILT_PRODUCTS_DIR}/Result/Result.framework",
				"${BUILT_PRODUCTS_DIR}/SCLAlertView/SCLAlertView.framework",
				"${BUILT_PRODUCTS_DIR}/SDWebImage/SDWebImage.framework",
				"${BUILT_PRODUCTS_DIR}/SVProgressHUD/SVProgressHUD.framework",
				"${BUILT_PRODUCTS_DIR}/Sentry/Sentry.framework",
				"${BUILT_PRODUCTS_DIR}/SwiftIconFont/SwiftIconFont.framework",
				"${BUILT_PRODUCTS_DIR}/SwiftMessages/SwiftMessages.framework",
				"${BUILT_PRODUCTS_DIR}/SwiftyJSON/SwiftyJSON.framework",
				"${BUILT_PRODUCTS_DIR}/SwiftyUserDefaults/SwiftyUserDefaults.framework",
				"${BUILT_PRODUCTS_DIR}/Timepiece/Timepiece.framework",
				"${BUILT_PRODUCTS_DIR}/Toucan/Toucan.framework",
				"${BUILT_PRODUCTS_DIR}/UICKeyChainStore/UICKeyChainStore.framework",
				"${BUILT_PRODUCTS_DIR}/libwebp/libwebp.framework",
				"${BUILT_PRODUCTS_DIR}/p2.OAuth2/p2_OAuth2.framework",
			);
			name = "[CP] Embed Pods Frameworks";
			outputPaths = (
				"${TARGET_BUILD_DIR}/${FRAMEWORKS_FOLDER_PATH}/Alamofire.framework",
				"${TARGET_BUILD_DIR}/${FRAMEWORKS_FOLDER_PATH}/AlamofireNetworkActivityIndicator.framework",
				"${TARGET_BUILD_DIR}/${FRAMEWORKS_FOLDER_PATH}/AliyunOSSiOS.framework",
				"${TARGET_BUILD_DIR}/${FRAMEWORKS_FOLDER_PATH}/Base32.framework",
				"${TARGET_BUILD_DIR}/${FRAMEWORKS_FOLDER_PATH}/Cache.framework",
				"${TARGET_BUILD_DIR}/${FRAMEWORKS_FOLDER_PATH}/DeviceKit.framework",
				"${TARGET_BUILD_DIR}/${FRAMEWORKS_FOLDER_PATH}/EFQRCode.framework",
				"${TARGET_BUILD_DIR}/${FRAMEWORKS_FOLDER_PATH}/Eureka.framework",
				"${TARGET_BUILD_DIR}/${FRAMEWORKS_FOLDER_PATH}/FCUUID.framework",
				"${TARGET_BUILD_DIR}/${FRAMEWORKS_FOLDER_PATH}/FileKit.framework",
				"${TARGET_BUILD_DIR}/${FRAMEWORKS_FOLDER_PATH}/IQKeyboardManagerSwift.framework",
				"${TARGET_BUILD_DIR}/${FRAMEWORKS_FOLDER_PATH}/MarkdownView.framework",
				"${TARGET_BUILD_DIR}/${FRAMEWORKS_FOLDER_PATH}/Moya.framework",
				"${TARGET_BUILD_DIR}/${FRAMEWORKS_FOLDER_PATH}/ObjectMapper.framework",
				"${TARGET_BUILD_DIR}/${FRAMEWORKS_FOLDER_PATH}/OneTimePassword.framework",
				"${TARGET_BUILD_DIR}/${FRAMEWORKS_FOLDER_PATH}/Result.framework",
				"${TARGET_BUILD_DIR}/${FRAMEWORKS_FOLDER_PATH}/SCLAlertView.framework",
				"${TARGET_BUILD_DIR}/${FRAMEWORKS_FOLDER_PATH}/SDWebImage.framework",
				"${TARGET_BUILD_DIR}/${FRAMEWORKS_FOLDER_PATH}/SVProgressHUD.framework",
				"${TARGET_BUILD_DIR}/${FRAMEWORKS_FOLDER_PATH}/Sentry.framework",
				"${TARGET_BUILD_DIR}/${FRAMEWORKS_FOLDER_PATH}/SwiftIconFont.framework",
				"${TARGET_BUILD_DIR}/${FRAMEWORKS_FOLDER_PATH}/SwiftMessages.framework",
				"${TARGET_BUILD_DIR}/${FRAMEWORKS_FOLDER_PATH}/SwiftyJSON.framework",
				"${TARGET_BUILD_DIR}/${FRAMEWORKS_FOLDER_PATH}/SwiftyUserDefaults.framework",
				"${TARGET_BUILD_DIR}/${FRAMEWORKS_FOLDER_PATH}/Timepiece.framework",
				"${TARGET_BUILD_DIR}/${FRAMEWORKS_FOLDER_PATH}/Toucan.framework",
				"${TARGET_BUILD_DIR}/${FRAMEWORKS_FOLDER_PATH}/UICKeyChainStore.framework",
				"${TARGET_BUILD_DIR}/${FRAMEWORKS_FOLDER_PATH}/libwebp.framework",
				"${TARGET_BUILD_DIR}/${FRAMEWORKS_FOLDER_PATH}/p2_OAuth2.framework",
			);
			runOnlyForDeploymentPostprocessing = 0;
			shellPath = /bin/sh;
			shellScript = "\"${SRCROOT}/Pods/Target Support Files/Pods-NFLSers-iOS/Pods-NFLSers-iOS-frameworks.sh\"\n";
			showEnvVarsInLog = 0;
		};
		6555DC9220161ED000FA8B13 /* Run Script */ = {
			isa = PBXShellScriptBuildPhase;
			buildActionMask = 2147483647;
			files = (
			);
			inputPaths = (
			);
			name = "Run Script";
			outputPaths = (
			);
			runOnlyForDeploymentPostprocessing = 0;
			shellPath = /bin/bash;
			shellScript = "buildNumber=$(/usr/libexec/PlistBuddy -c \"Print CFBundleVersion\" \"$INFOPLIST_FILE\")\nshortBuildNumber=$(/usr/libexec/PlistBuddy -c \"Print CFBundleShortVersionString\" \"$INFOPLIST_FILE\")\nbuildNumber=$(($buildNumber + 1))\n/usr/libexec/PlistBuddy -c \"Set :CFBundleVersion $buildNumber\" \"$INFOPLIST_FILE\"\n\nbuildNumber=$(($buildNumber + 1))\nINFOPLIST_SHAREEXT=\"${SRCROOT}/NotificationService/Info.plist\"\n/usr/libexec/PlistBuddy -c \"Set :CFBundleShortVersionString $shortBuildNumber\" \"$INFOPLIST_SHAREEXT\"\n/usr/libexec/PlistBuddy -c \"Set :CFBundleVersion $buildNumber\" \"$INFOPLIST_SHAREEXT\"\n";
		};
		E5BC3AD96A01BCEAF78DDDCA /* [CP] Check Pods Manifest.lock */ = {
			isa = PBXShellScriptBuildPhase;
			buildActionMask = 2147483647;
			files = (
			);
			inputPaths = (
				"${PODS_PODFILE_DIR_PATH}/Podfile.lock",
				"${PODS_ROOT}/Manifest.lock",
			);
			name = "[CP] Check Pods Manifest.lock";
			outputPaths = (
				"$(DERIVED_FILE_DIR)/Pods-NFLSers-iOS-checkManifestLockResult.txt",
			);
			runOnlyForDeploymentPostprocessing = 0;
			shellPath = /bin/sh;
			shellScript = "diff \"${PODS_PODFILE_DIR_PATH}/Podfile.lock\" \"${PODS_ROOT}/Manifest.lock\" > /dev/null\nif [ $? != 0 ] ; then\n    # print error to STDERR\n    echo \"error: The sandbox is not in sync with the Podfile.lock. Run 'pod install' or update your CocoaPods installation.\" >&2\n    exit 1\nfi\n# This output is used by Xcode 'outputs' to avoid re-running this script phase.\necho \"SUCCESS\" > \"${SCRIPT_OUTPUT_FILE_0}\"\n";
			showEnvVarsInLog = 0;
		};
/* End PBXShellScriptBuildPhase section */

/* Begin PBXSourcesBuildPhase section */
		658CE36821037B5A000D3900 /* Sources */ = {
			isa = PBXSourcesBuildPhase;
			buildActionMask = 2147483647;
			files = (
				658CE36F21037B5A000D3900 /* NotificationService.swift in Sources */,
			);
			runOnlyForDeploymentPostprocessing = 0;
		};
		D6AE173A1E44D51600E66B4B /* Sources */ = {
			isa = PBXSourcesBuildPhase;
			buildActionMask = 2147483647;
			files = (
				6542EF9B21229E4200F9D126 /* PaperRequest.swift in Sources */,
				656F304A20711CAB009B8D69 /* DeviceProvider.swift in Sources */,
				65185B3420143813009FDF76 /* AbstractReponse.swift in Sources */,
				656F304420711B49009B8D69 /* AbstractMessage.swift in Sources */,
				651ED7A22076AE53009A9ED1 /* WKWebViewController.swift in Sources */,
				6551E4952013A9B800B81E45 /* Photo.swift in Sources */,
				6542EF86211EA95900F9D126 /* Paper.swift in Sources */,
				655179572144182600556772 /* Card.swift in Sources */,
				655D172E213BC3AC00A307F4 /* VoteController.swift in Sources */,
				65185B362014399B009FDF76 /* GalleryRequest.swift in Sources */,
				656F304E20712D5A009B8D69 /* AnnouncementViewController.swift in Sources */,
				6542EFA22123DC0900F9D126 /* CourseRequest.swift in Sources */,
				656F304820711C35009B8D69 /* ResourceProvider.swift in Sources */,
				6551E4992013AE2F00B81E45 /* Gallery.swift in Sources */,
				65D3A7602010275A00582257 /* ResourceViewController.swift in Sources */,
				658CE37821042CE5000D3900 /* Device.swift in Sources */,
				6551795921441D9000556772 /* UserProvider.swift in Sources */,
				65853A072127D4DF0001D6A3 /* ChatRequest.swift in Sources */,
				D6AE17421E44D51600E66B4B /* AppDelegate.swift in Sources */,
				65853A0E2129342F0001D6A3 /* WaterAuth.swift in Sources */,
				6542EF8F211FF58500F9D126 /* Option.swift in Sources */,
				6551E4972013AB8700B81E45 /* MainConstant.swift in Sources */,
				650806BF214BECF200AD0CAE /* AlbumProvider.swift in Sources */,
				6542EF942121520C00F9D126 /* StsToken.swift in Sources */,
				651ED7A02076A09F009A9ED1 /* TabBarController.swift in Sources */,
				651FCF74203E7E420089173E /* File.swift in Sources */,
				6551E49B2013AE4100B81E45 /* Comment.swift in Sources */,
				6542EF9D2122A00E00F9D126 /* ProblemRequest.swift in Sources */,
				65185B3C20144863009FDF76 /* GalleryListController.swift in Sources */,
				6542EF99212155D700F9D126 /* Rank.swift in Sources */,
				6542EFA52123DD5E00F9D126 /* BlackboardRequest.swift in Sources */,
				6551E4932013A73000B81E45 /* User.swift in Sources */,
				65185B3920143F69009FDF76 /* AbstractProvider.swift in Sources */,
				655D1730213BC3DE00A307F4 /* VoteProvider.swift in Sources */,
				6542EF912121515E00F9D126 /* Chat.swift in Sources */,
				659003B02015BA0E0077876F /* TempViewController.swift in Sources */,
				6542EFA72123DE6400F9D126 /* NoticeRequest.swift in Sources */,
				6542EF88211FF08500F9D126 /* Problem.swift in Sources */,
				65853A0B212932B00001D6A3 /* Alumni.swift in Sources */,
				65108DC220101EC800A5267E /* LoginViewController.swift in Sources */,
				65108DC82010249A00A5267E /* AbstractViewController.swift in Sources */,
				651FCF76203E7F660089173E /* ResourceRequest.swift in Sources */,
				656F304620711B90009B8D69 /* MessageNotifier.swift in Sources */,
				65853A092127D5980001D6A3 /* UserRequest.swift in Sources */,
				6542EF84211EA8D200F9D126 /* Course.swift in Sources */,
				650C386A204997EE00A5B192 /* Notice.swift in Sources */,
				6542EF972121540700F9D126 /* Game.swift in Sources */,
				655D1732213D284E00A307F4 /* VoteSubmitController.swift in Sources */,
				65B9F58D213E783000A1F3DF /* Ticket.swift in Sources */,
				6542EFAC21267F4A00F9D126 /* VoteRequest.swift in Sources */,
				65517955214417E900556772 /* CardProvider.swift in Sources */,
				6542EFA921267DA600F9D126 /* LivePlayerController.swift in Sources */,
				6542EF7E211EA76000F9D126 /* Blackboard.swift in Sources */,
				6590C850211EA56800D2CCC5 /* Attachment.swift in Sources */,
				656F304C207124C8009B8D69 /* DefaultsKey.swift in Sources */,
				6542EFA02123D8E900F9D126 /* RecordRequest.swift in Sources */,
				6542EF8D211FF4D500F9D126 /* Vote.swift in Sources */,
				65108DC5201022C800A5267E /* MainOAuth2.swift in Sources */,
				6542EF8A211FF3AC00F9D126 /* Record.swift in Sources */,
				659762B120D3B7FD002798F2 /* QRCodeViewController.swift in Sources */,
				65FDA9F5206FF91A001F4AE9 /* DeviceRequest.swift in Sources */,
				65853A042127D3100001D6A3 /* GameRequest.swift in Sources */,
			);
			runOnlyForDeploymentPostprocessing = 0;
		};
/* End PBXSourcesBuildPhase section */

/* Begin PBXTargetDependency section */
		658CE37221037B5A000D3900 /* PBXTargetDependency */ = {
			isa = PBXTargetDependency;
			target = 658CE36B21037B5A000D3900 /* NotificationService */;
			targetProxy = 658CE37121037B5A000D3900 /* PBXContainerItemProxy */;
		};
/* End PBXTargetDependency section */

/* Begin XCBuildConfiguration section */
		658CE37521037B5A000D3900 /* Debug */ = {
			isa = XCBuildConfiguration;
			buildSettings = {
				CLANG_ANALYZER_NUMBER_OBJECT_CONVERSION = YES_AGGRESSIVE;
				CLANG_CXX_LANGUAGE_STANDARD = "gnu++14";
				CLANG_ENABLE_OBJC_WEAK = YES;
				CLANG_WARN_UNGUARDED_AVAILABILITY = YES_AGGRESSIVE;
				CODE_SIGN_IDENTITY = "iPhone Developer";
				"CODE_SIGN_IDENTITY[sdk=iphoneos*]" = "iPhone Developer";
				CODE_SIGN_STYLE = Automatic;
				DEVELOPMENT_TEAM = K2P3533G4D;
				GCC_C_LANGUAGE_STANDARD = gnu11;
				INFOPLIST_FILE = NotificationService/Info.plist;
				IPHONEOS_DEPLOYMENT_TARGET = 10.0;
				LD_RUNPATH_SEARCH_PATHS = "$(inherited) @executable_path/Frameworks @executable_path/../../Frameworks";
				MTL_ENABLE_DEBUG_INFO = INCLUDE_SOURCE;
				MTL_FAST_MATH = YES;
				PRODUCT_BUNDLE_IDENTIFIER = io.nfls.client.NotificationService;
				PRODUCT_NAME = "$(TARGET_NAME)";
				SKIP_INSTALL = YES;
				SWIFT_VERSION = 4.2;
				TARGETED_DEVICE_FAMILY = "1,2";
			};
			name = Debug;
		};
		658CE37621037B5A000D3900 /* Release */ = {
			isa = XCBuildConfiguration;
			buildSettings = {
				CLANG_ANALYZER_NUMBER_OBJECT_CONVERSION = YES_AGGRESSIVE;
				CLANG_CXX_LANGUAGE_STANDARD = "gnu++14";
				CLANG_ENABLE_OBJC_WEAK = YES;
				CLANG_WARN_UNGUARDED_AVAILABILITY = YES_AGGRESSIVE;
				CODE_SIGN_IDENTITY = "iPhone Developer";
				"CODE_SIGN_IDENTITY[sdk=iphoneos*]" = "iPhone Developer";
				CODE_SIGN_STYLE = Automatic;
				DEVELOPMENT_TEAM = K2P3533G4D;
				GCC_C_LANGUAGE_STANDARD = gnu11;
				INFOPLIST_FILE = NotificationService/Info.plist;
				IPHONEOS_DEPLOYMENT_TARGET = 10.0;
				LD_RUNPATH_SEARCH_PATHS = "$(inherited) @executable_path/Frameworks @executable_path/../../Frameworks";
				MTL_FAST_MATH = YES;
				PRODUCT_BUNDLE_IDENTIFIER = io.nfls.client.NotificationService;
				PRODUCT_NAME = "$(TARGET_NAME)";
				SKIP_INSTALL = YES;
				SWIFT_VERSION = 4.2;
				TARGETED_DEVICE_FAMILY = "1,2";
			};
			name = Release;
		};
		D6AE17641E44D51600E66B4B /* Debug */ = {
			isa = XCBuildConfiguration;
			buildSettings = {
				ALWAYS_SEARCH_USER_PATHS = NO;
				CLANG_ANALYZER_NONNULL = YES;
				CLANG_CXX_LANGUAGE_STANDARD = "gnu++0x";
				CLANG_CXX_LIBRARY = "libc++";
				CLANG_ENABLE_MODULES = YES;
				CLANG_ENABLE_OBJC_ARC = YES;
				CLANG_WARN_BLOCK_CAPTURE_AUTORELEASING = YES;
				CLANG_WARN_BOOL_CONVERSION = YES;
				CLANG_WARN_COMMA = YES;
				CLANG_WARN_CONSTANT_CONVERSION = YES;
				CLANG_WARN_DEPRECATED_OBJC_IMPLEMENTATIONS = YES;
				CLANG_WARN_DIRECT_OBJC_ISA_USAGE = YES_ERROR;
				CLANG_WARN_DOCUMENTATION_COMMENTS = YES;
				CLANG_WARN_EMPTY_BODY = YES;
				CLANG_WARN_ENUM_CONVERSION = YES;
				CLANG_WARN_INFINITE_RECURSION = YES;
				CLANG_WARN_INT_CONVERSION = YES;
				CLANG_WARN_NON_LITERAL_NULL_CONVERSION = YES;
				CLANG_WARN_OBJC_IMPLICIT_RETAIN_SELF = YES;
				CLANG_WARN_OBJC_LITERAL_CONVERSION = YES;
				CLANG_WARN_OBJC_ROOT_CLASS = YES_ERROR;
				CLANG_WARN_RANGE_LOOP_ANALYSIS = YES;
				CLANG_WARN_STRICT_PROTOTYPES = YES;
				CLANG_WARN_SUSPICIOUS_MOVE = YES;
				CLANG_WARN_UNREACHABLE_CODE = YES;
				CLANG_WARN__DUPLICATE_METHOD_MATCH = YES;
				"CODE_SIGN_IDENTITY[sdk=iphoneos*]" = "iPhone Developer";
				COPY_PHASE_STRIP = NO;
				DEBUG_INFORMATION_FORMAT = dwarf;
				ENABLE_STRICT_OBJC_MSGSEND = YES;
				ENABLE_TESTABILITY = YES;
				GCC_C_LANGUAGE_STANDARD = gnu99;
				GCC_DYNAMIC_NO_PIC = NO;
				GCC_NO_COMMON_BLOCKS = YES;
				GCC_OPTIMIZATION_LEVEL = 0;
				GCC_PREPROCESSOR_DEFINITIONS = (
					"DEBUG=1",
					"$(inherited)",
				);
				GCC_WARN_64_TO_32_BIT_CONVERSION = YES;
				GCC_WARN_ABOUT_RETURN_TYPE = YES_ERROR;
				GCC_WARN_UNDECLARED_SELECTOR = YES;
				GCC_WARN_UNINITIALIZED_AUTOS = YES_AGGRESSIVE;
				GCC_WARN_UNUSED_FUNCTION = YES;
				GCC_WARN_UNUSED_VARIABLE = YES;
				IPHONEOS_DEPLOYMENT_TARGET = 10.2;
				MTL_ENABLE_DEBUG_INFO = YES;
				ONLY_ACTIVE_ARCH = YES;
				SDKROOT = iphoneos;
				SWIFT_ACTIVE_COMPILATION_CONDITIONS = DEBUG;
				SWIFT_OPTIMIZATION_LEVEL = "-Onone";
				TARGETED_DEVICE_FAMILY = "1,2";
			};
			name = Debug;
		};
		D6AE17651E44D51600E66B4B /* Release */ = {
			isa = XCBuildConfiguration;
			buildSettings = {
				ALWAYS_SEARCH_USER_PATHS = NO;
				CLANG_ANALYZER_NONNULL = YES;
				CLANG_CXX_LANGUAGE_STANDARD = "gnu++0x";
				CLANG_CXX_LIBRARY = "libc++";
				CLANG_ENABLE_MODULES = YES;
				CLANG_ENABLE_OBJC_ARC = YES;
				CLANG_WARN_BLOCK_CAPTURE_AUTORELEASING = YES;
				CLANG_WARN_BOOL_CONVERSION = YES;
				CLANG_WARN_COMMA = YES;
				CLANG_WARN_CONSTANT_CONVERSION = YES;
				CLANG_WARN_DEPRECATED_OBJC_IMPLEMENTATIONS = YES;
				CLANG_WARN_DIRECT_OBJC_ISA_USAGE = YES_ERROR;
				CLANG_WARN_DOCUMENTATION_COMMENTS = YES;
				CLANG_WARN_EMPTY_BODY = YES;
				CLANG_WARN_ENUM_CONVERSION = YES;
				CLANG_WARN_INFINITE_RECURSION = YES;
				CLANG_WARN_INT_CONVERSION = YES;
				CLANG_WARN_NON_LITERAL_NULL_CONVERSION = YES;
				CLANG_WARN_OBJC_IMPLICIT_RETAIN_SELF = YES;
				CLANG_WARN_OBJC_LITERAL_CONVERSION = YES;
				CLANG_WARN_OBJC_ROOT_CLASS = YES_ERROR;
				CLANG_WARN_RANGE_LOOP_ANALYSIS = YES;
				CLANG_WARN_STRICT_PROTOTYPES = YES;
				CLANG_WARN_SUSPICIOUS_MOVE = YES;
				CLANG_WARN_UNREACHABLE_CODE = YES;
				CLANG_WARN__DUPLICATE_METHOD_MATCH = YES;
				"CODE_SIGN_IDENTITY[sdk=iphoneos*]" = "iPhone Developer";
				COPY_PHASE_STRIP = NO;
				DEBUG_INFORMATION_FORMAT = "dwarf-with-dsym";
				ENABLE_NS_ASSERTIONS = NO;
				ENABLE_STRICT_OBJC_MSGSEND = YES;
				GCC_C_LANGUAGE_STANDARD = gnu99;
				GCC_NO_COMMON_BLOCKS = YES;
				GCC_WARN_64_TO_32_BIT_CONVERSION = YES;
				GCC_WARN_ABOUT_RETURN_TYPE = YES_ERROR;
				GCC_WARN_UNDECLARED_SELECTOR = YES;
				GCC_WARN_UNINITIALIZED_AUTOS = YES_AGGRESSIVE;
				GCC_WARN_UNUSED_FUNCTION = YES;
				GCC_WARN_UNUSED_VARIABLE = YES;
				IPHONEOS_DEPLOYMENT_TARGET = 10.2;
				MTL_ENABLE_DEBUG_INFO = NO;
				OTHER_CFLAGS = "";
				SDKROOT = iphoneos;
				SWIFT_OPTIMIZATION_LEVEL = "-Owholemodule";
				TARGETED_DEVICE_FAMILY = "1,2";
				VALIDATE_PRODUCT = YES;
			};
			name = Release;
		};
		D6AE17671E44D51600E66B4B /* Debug */ = {
			isa = XCBuildConfiguration;
			baseConfigurationReference = B28B96534FB8A60362B227B6 /* Pods-NFLSers-iOS.debug.xcconfig */;
			buildSettings = {
				ALWAYS_EMBED_SWIFT_STANDARD_LIBRARIES = YES;
				ASSETCATALOG_COMPILER_APPICON_NAME = AppIcon;
				CLANG_ENABLE_MODULES = YES;
				CODE_SIGN_ENTITLEMENTS = "NFLSers-iOS.entitlements";
				CODE_SIGN_IDENTITY = "iPhone Developer";
				"CODE_SIGN_IDENTITY[sdk=iphoneos*]" = "iPhone Developer";
				CURRENT_PROJECT_VERSION = 20;
				DEVELOPMENT_TEAM = K2P3533G4D;
				FRAMEWORK_SEARCH_PATHS = (
					"$(inherited)",
					"$(PROJECT_DIR)/build/Release-iphoneos",
				);
				GCC_OPTIMIZATION_LEVEL = 3;
				HEADER_SEARCH_PATHS = (
					"$(inherited)",
					"\"${PODS_ROOT}/Headers/Public\"",
					"\"${PODS_ROOT}/Headers/Public/UMengAnalytics-NO-IDFA\"",
					"\"$(PROJECT_DIR)/Unity/Classes\"",
					"\"$(PROJECT_DIR)/Unity/Libraries/libil2cpp/include\"",
					"\"$(PROJECT_DIR)/Unity/Libraries/\"",
					"\"$(PROJECT_DIR)/Unity/Classes/Native\"",
				);
				IBSC_WARNINGS = NO;
				INFOPLIST_FILE = app/Info.plist;
				IPHONEOS_DEPLOYMENT_TARGET = 10.0;
				LD_RUNPATH_SEARCH_PATHS = "$(inherited) @executable_path/Frameworks";
				LIBRARY_SEARCH_PATHS = (
					"$(inherited)",
					"$(PROJECT_DIR)/Unity/Libraries",
				);
				PRODUCT_BUNDLE_IDENTIFIER = io.nfls.client;
				PRODUCT_NAME = "$(TARGET_NAME)";
				PROVISIONING_PROFILE = "";
				PROVISIONING_PROFILE_SPECIFIER = "";
				SWIFT_OBJC_BRIDGING_HEADER = "NFLSers-iOS-Bridging-Header.h";
				SWIFT_OPTIMIZATION_LEVEL = "-Onone";
				SWIFT_SWIFT3_OBJC_INFERENCE = On;
				SWIFT_VERSION = 4.0;
				TARGETED_DEVICE_FAMILY = "1,2";
				UNITY_IOS_EXPORT_PATH = $PROJECT_DIR/Unity;
				UNITY_RUNTIME_VERSION = 2017.2.0f3;
				VERSIONING_SYSTEM = "apple-generic";
			};
			name = Debug;
		};
		D6AE17681E44D51600E66B4B /* Release */ = {
			isa = XCBuildConfiguration;
			baseConfigurationReference = 86F111C8F7AD1E475324AD0E /* Pods-NFLSers-iOS.release.xcconfig */;
			buildSettings = {
				ALWAYS_EMBED_SWIFT_STANDARD_LIBRARIES = YES;
				ASSETCATALOG_COMPILER_APPICON_NAME = AppIcon;
				CLANG_ENABLE_MODULES = YES;
				CODE_SIGN_ENTITLEMENTS = "NFLSers-iOS.entitlements";
				CODE_SIGN_IDENTITY = "iPhone Developer";
				"CODE_SIGN_IDENTITY[sdk=iphoneos*]" = "iPhone Developer";
				CURRENT_PROJECT_VERSION = 20;
				DEVELOPMENT_TEAM = K2P3533G4D;
				FRAMEWORK_SEARCH_PATHS = (
					"$(inherited)",
					"$(PROJECT_DIR)/build/Release-iphoneos",
				);
				GCC_OPTIMIZATION_LEVEL = 3;
				HEADER_SEARCH_PATHS = (
					"$(inherited)",
					"\"${PODS_ROOT}/Headers/Public\"",
					"\"${PODS_ROOT}/Headers/Public/UMengAnalytics-NO-IDFA\"",
					"\"$(PROJECT_DIR)/Unity/Classes\"",
					"\"$(PROJECT_DIR)/Unity/Libraries/libil2cpp/include\"",
					"\"$(PROJECT_DIR)/Unity/Libraries/\"",
					"\"$(PROJECT_DIR)/Unity/Classes/Native\"",
				);
				IBSC_WARNINGS = NO;
				INFOPLIST_FILE = app/Info.plist;
				IPHONEOS_DEPLOYMENT_TARGET = 10.0;
				LD_RUNPATH_SEARCH_PATHS = "$(inherited) @executable_path/Frameworks";
				LIBRARY_SEARCH_PATHS = (
					"$(inherited)",
					"$(PROJECT_DIR)/Unity/Libraries",
				);
				PRODUCT_BUNDLE_IDENTIFIER = io.nfls.client;
				PRODUCT_NAME = "$(TARGET_NAME)";
				PROVISIONING_PROFILE = "";
				PROVISIONING_PROFILE_SPECIFIER = "";
				SWIFT_OBJC_BRIDGING_HEADER = "NFLSers-iOS-Bridging-Header.h";
				SWIFT_SWIFT3_OBJC_INFERENCE = On;
				SWIFT_VERSION = 4.0;
				TARGETED_DEVICE_FAMILY = "1,2";
				UNITY_IOS_EXPORT_PATH = $PROJECT_DIR/Unity;
				UNITY_RUNTIME_VERSION = 2017.2.0f3;
				VERSIONING_SYSTEM = "apple-generic";
			};
			name = Release;
		};
/* End XCBuildConfiguration section */

/* Begin XCConfigurationList section */
		658CE37421037B5A000D3900 /* Build configuration list for PBXNativeTarget "NotificationService" */ = {
			isa = XCConfigurationList;
			buildConfigurations = (
				658CE37521037B5A000D3900 /* Debug */,
				658CE37621037B5A000D3900 /* Release */,
			);
			defaultConfigurationIsVisible = 0;
			defaultConfigurationName = Release;
		};
		D6AE17391E44D51600E66B4B /* Build configuration list for PBXProject "NFLSers-iOS" */ = {
			isa = XCConfigurationList;
			buildConfigurations = (
				D6AE17641E44D51600E66B4B /* Debug */,
				D6AE17651E44D51600E66B4B /* Release */,
			);
			defaultConfigurationIsVisible = 0;
			defaultConfigurationName = Release;
		};
		D6AE17661E44D51600E66B4B /* Build configuration list for PBXNativeTarget "NFLSers-iOS" */ = {
			isa = XCConfigurationList;
			buildConfigurations = (
				D6AE17671E44D51600E66B4B /* Debug */,
				D6AE17681E44D51600E66B4B /* Release */,
			);
			defaultConfigurationIsVisible = 0;
			defaultConfigurationName = Release;
		};
/* End XCConfigurationList section */
	};
	rootObject = D6AE17361E44D51600E66B4B /* Project object */;
}
